
Microsoft Visual Studio Solution File, Format Version 12.00
Project("{FAE04EC0-301F-11D3-BF4B-00C04F79EFBC}") = "Rider.Domain", "Rider.Domain\Rider.Domain.csproj", "{73D2BC7A-CD0C-462E-BB96-FDB727CBBC36}"
EndProject
Project("{FAE04EC0-301F-11D3-BF4B-00C04F79EFBC}") = "Rider.Application", "Rider.Application\Rider.Application.csproj", "{AA2CB902-C86B-40C5-A9FA-21BE30609066}"
EndProject
Project("{FAE04EC0-301F-11D3-BF4B-00C04F79EFBC}") = "Rider.Infraestructure", "Rider.Infraestructure\Rider.Infraestructure.csproj", "{EE9C16E3-64C0-4BCA-BD7D-6FCB533AFCEB}"
EndProject
Global
	GlobalSection(SolutionConfigurationPlatforms) = preSolution
		Debug|Any CPU = Debug|Any CPU
		Release|Any CPU = Release|Any CPU
	EndGlobalSection
	GlobalSection(ProjectConfigurationPlatforms) = postSolution
		{73D2BC7A-CD0C-462E-BB96-FDB727CBBC36}.Debug|Any CPU.ActiveCfg = Debug|Any CPU
		{73D2BC7A-CD0C-462E-BB96-FDB727CBBC36}.Debug|Any CPU.Build.0 = Debug|Any CPU
		{73D2BC7A-CD0C-462E-BB96-FDB727CBBC36}.Release|Any CPU.ActiveCfg = Release|Any CPU
		{73D2BC7A-CD0C-462E-BB96-FDB727CBBC36}.Release|Any CPU.Build.0 = Release|Any CPU
		{AA2CB902-C86B-40C5-A9FA-21BE30609066}.Debug|Any CPU.ActiveCfg = Debug|Any CPU
		{AA2CB902-C86B-40C5-A9FA-21BE30609066}.Debug|Any CPU.Build.0 = Debug|Any CPU
		{AA2CB902-C86B-40C5-A9FA-21BE30609066}.Release|Any CPU.ActiveCfg = Release|Any CPU
		{AA2CB902-C86B-40C5-A9FA-21BE30609066}.Release|Any CPU.Build.0 = Release|Any CPU
		{EE9C16E3-64C0-4BCA-BD7D-6FCB533AFCEB}.Debug|Any CPU.ActiveCfg = Debug|Any CPU
		{EE9C16E3-64C0-4BCA-BD7D-6FCB533AFCEB}.Debug|Any CPU.Build.0 = Debug|Any CPU
		{EE9C16E3-64C0-4BCA-BD7D-6FCB533AFCEB}.Release|Any CPU.ActiveCfg = Release|Any CPU
		{EE9C16E3-64C0-4BCA-BD7D-6FCB533AFCEB}.Release|Any CPU.Build.0 = Release|Any CPU
	EndGlobalSection
EndGlobal
