
Microsoft Visual Studio Solution File, Format Version 12.00
Project("{FAE04EC0-301F-11D3-BF4B-00C04F79EFBC}") = "Account.Domain", "Account.Domain\Account.Domain.csproj", "{73D2BC7A-CD0C-462E-BB96-FDB727CBBC36}"
EndProject
Project("{FAE04EC0-301F-11D3-BF4B-00C04F79EFBC}") = "Account.Tests", "Account.Tests\Account.Tests.csproj", "{D14922D6-F08A-48CB-B3BA-8E9CB47B1989}"
EndProject
Project("{FAE04EC0-301F-11D3-BF4B-00C04F79EFBC}") = "Account.Infrastructure", "Account.Infrastructure\Account.Infrastructure.csproj", "{62BEEC97-E0DA-49F0-AE03-03E045A0DDC1}"
EndProject
Project("{FAE04EC0-301F-11D3-BF4B-00C04F79EFBC}") = "Account.CrossCutting", "Account.CrossCutting\Account.CrossCutting.csproj", "{10EEA2E1-53CF-408F-A04A-928EBA6F0E09}"
EndProject
Project("{FAE04EC0-301F-11D3-BF4B-00C04F79EFBC}") = "Account.Application", "Account.Application\Account.Application.csproj", "{D9A73908-3533-46E4-8904-863AC56452FF}"
EndProject
Global
	GlobalSection(SolutionConfigurationPlatforms) = preSolution
		Debug|Any CPU = Debug|Any CPU
		Release|Any CPU = Release|Any CPU
	EndGlobalSection
	GlobalSection(ProjectConfigurationPlatforms) = postSolution
		{73D2BC7A-CD0C-462E-BB96-FDB727CBBC36}.Debug|Any CPU.ActiveCfg = Debug|Any CPU
		{73D2BC7A-CD0C-462E-BB96-FDB727CBBC36}.Debug|Any CPU.Build.0 = Debug|Any CPU
		{73D2BC7A-CD0C-462E-BB96-FDB727CBBC36}.Release|Any CPU.ActiveCfg = Release|Any CPU
		{73D2BC7A-CD0C-462E-BB96-FDB727CBBC36}.Release|Any CPU.Build.0 = Release|Any CPU
		{D14922D6-F08A-48CB-B3BA-8E9CB47B1989}.Debug|Any CPU.ActiveCfg = Debug|Any CPU
		{D14922D6-F08A-48CB-B3BA-8E9CB47B1989}.Debug|Any CPU.Build.0 = Debug|Any CPU
		{D14922D6-F08A-48CB-B3BA-8E9CB47B1989}.Release|Any CPU.ActiveCfg = Release|Any CPU
		{D14922D6-F08A-48CB-B3BA-8E9CB47B1989}.Release|Any CPU.Build.0 = Release|Any CPU
		{62BEEC97-E0DA-49F0-AE03-03E045A0DDC1}.Debug|Any CPU.ActiveCfg = Debug|Any CPU
		{62BEEC97-E0DA-49F0-AE03-03E045A0DDC1}.Debug|Any CPU.Build.0 = Debug|Any CPU
		{62BEEC97-E0DA-49F0-AE03-03E045A0DDC1}.Release|Any CPU.ActiveCfg = Release|Any CPU
		{62BEEC97-E0DA-49F0-AE03-03E045A0DDC1}.Release|Any CPU.Build.0 = Release|Any CPU
		{10EEA2E1-53CF-408F-A04A-928EBA6F0E09}.Debug|Any CPU.ActiveCfg = Debug|Any CPU
		{10EEA2E1-53CF-408F-A04A-928EBA6F0E09}.Debug|Any CPU.Build.0 = Debug|Any CPU
		{10EEA2E1-53CF-408F-A04A-928EBA6F0E09}.Release|Any CPU.ActiveCfg = Release|Any CPU
		{10EEA2E1-53CF-408F-A04A-928EBA6F0E09}.Release|Any CPU.Build.0 = Release|Any CPU
		{D9A73908-3533-46E4-8904-863AC56452FF}.Debug|Any CPU.ActiveCfg = Debug|Any CPU
		{D9A73908-3533-46E4-8904-863AC56452FF}.Debug|Any CPU.Build.0 = Debug|Any CPU
		{D9A73908-3533-46E4-8904-863AC56452FF}.Release|Any CPU.ActiveCfg = Release|Any CPU
		{D9A73908-3533-46E4-8904-863AC56452FF}.Release|Any CPU.Build.0 = Release|Any CPU
	EndGlobalSection
EndGlobal
