
Microsoft Visual Studio Solution File, Format Version 12.00
Project("{FAE04EC0-301F-11D3-BF4B-00C04F79EFBC}") = "BuildingBlocks.Shared", "BuildingBlocks.Shared\BuildingBlocks.Shared.csproj", "{978DB6E8-9B9A-43A1-AB1D-FAB586D6AE23}"
EndProject
Project("{FAE04EC0-301F-11D3-BF4B-00C04F79EFBC}") = "BuildingBlocks.Tests", "BuildingBlocks.Tests\BuildingBlocks.Tests.csproj", "{9AC5529B-3BCE-490C-8689-2E619180FA7F}"
EndProject
Global
	GlobalSection(SolutionConfigurationPlatforms) = preSolution
		Debug|Any CPU = Debug|Any CPU
		Release|Any CPU = Release|Any CPU
	EndGlobalSection
	GlobalSection(ProjectConfigurationPlatforms) = postSolution
		{978DB6E8-9B9A-43A1-AB1D-FAB586D6AE23}.Debug|Any CPU.ActiveCfg = Debug|Any CPU
		{978DB6E8-9B9A-43A1-AB1D-FAB586D6AE23}.Debug|Any CPU.Build.0 = Debug|Any CPU
		{978DB6E8-9B9A-43A1-AB1D-FAB586D6AE23}.Release|Any CPU.ActiveCfg = Release|Any CPU
		{978DB6E8-9B9A-43A1-AB1D-FAB586D6AE23}.Release|Any CPU.Build.0 = Release|Any CPU
		{9AC5529B-3BCE-490C-8689-2E619180FA7F}.Debug|Any CPU.ActiveCfg = Debug|Any CPU
		{9AC5529B-3BCE-490C-8689-2E619180FA7F}.Debug|Any CPU.Build.0 = Debug|Any CPU
		{9AC5529B-3BCE-490C-8689-2E619180FA7F}.Release|Any CPU.ActiveCfg = Release|Any CPU
		{9AC5529B-3BCE-490C-8689-2E619180FA7F}.Release|Any CPU.Build.0 = Release|Any CPU
	EndGlobalSection
EndGlobal
